
Microsoft Visual Studio Solution File, Format Version 11.00
# Visual Studio 2010
Project("{8BC9CEB8-8B4A-11D0-8D11-00A0C91BC942}") = "options", "options.vcxproj", "{4C120A33-27FC-44F7-A4DE-E90C906ACF23}"
EndProject
Global
	GlobalSection(SolutionConfigurationPlatforms) = preSolution
		Debug|Win32 = Debug|Win32
		Release|Win32 = Release|Win32
	EndGlobalSection
	GlobalSection(ProjectConfigurationPlatforms) = postSolution
		{4C120A33-27FC-44F7-A4DE-E90C906ACF23}.Debug|Win32.ActiveCfg = Debug|Win32
		{4C120A33-27FC-44F7-A4DE-E90C906ACF23}.Debug|Win32.Build.0 = Debug|Win32
		{4C120A33-27FC-44F7-A4DE-E90C906ACF23}.Release|Win32.ActiveCfg = Release|Win32
		{4C120A33-27FC-44F7-A4DE-E90C906ACF23}.Release|Win32.Build.0 = Release|Win32
	EndGlobalSection
	GlobalSection(SolutionProperties) = preSolution
		HideSolutionNode = FALSE
	EndGlobalSection
EndGlobal
